lockfileVersion: '9.0'

settings:
  autoInstallPeers: true
  excludeLinksFromLockfile: false

importers:

  .:
    dependencies:
      '@effect-ts/core':
        specifier: ^0.60.5
        version: 0.60.5
      typescript:
        specifier: ^5.8.2
        version: 5.8.2

packages:

  '@effect-ts/core@0.60.5':
    resolution: {integrity: sha512-qi1WrtJA90XLMnj2hnUszW9Sx4dXP03ZJtCc5DiUBIOhF4Vw7plfb65/bdBySPoC9s7zy995TdUX1XBSxUkl5w==}

  '@effect-ts/system@0.57.5':
    resolution: {integrity: sha512-/crHGujo0xnuHIYNc1VgP0HGJGFSoSqq88JFXe6FmFyXPpWt8Xu39LyLg7rchsxfXFeEdA9CrIZvLV5eswXV5g==}

  typescript@5.8.2:
    resolution: {integrity: sha512-aJn6wq13/afZp/jT9QZmwEjDqqvSGp1VT5GVg+f/t6/oVyrgXM6BY1h9BRh/O5p3PlUPAe+WuiEZOmb/49RqoQ==}
    engines: {node: '>=14.17'}
    hasBin: true

snapshots:

  '@effect-ts/core@0.60.5':
    dependencies:
      '@effect-ts/system': 0.57.5

  '@effect-ts/system@0.57.5': {}

  typescript@5.8.2: {}
